
Microsoft Visual Studio Solution File, Format Version 12.00
# Visual Studio Version 16
VisualStudioVersion = 16.0.30114.105
MinimumVisualStudioVersion = 10.0.40219.1
Project("{FAE04EC0-301F-11D3-BF4B-00C04F79EFBC}") = "GestionaleFitstic", "GestionaleFitstic\GestionaleFitstic.csproj", "{33E6BB8E-DA0B-4CA2-A593-046AB405CE2A}"
EndProject
Global
	GlobalSection(SolutionConfigurationPlatforms) = preSolution
		Debug|Any CPU = Debug|Any CPU
		Release|Any CPU = Release|Any CPU
	EndGlobalSection
	GlobalSection(ProjectConfigurationPlatforms) = postSolution
		{33E6BB8E-DA0B-4CA2-A593-046AB405CE2A}.Debug|Any CPU.ActiveCfg = Debug|Any CPU
		{33E6BB8E-DA0B-4CA2-A593-046AB405CE2A}.Debug|Any CPU.Build.0 = Debug|Any CPU
		{33E6BB8E-DA0B-4CA2-A593-046AB405CE2A}.Release|Any CPU.ActiveCfg = Release|Any CPU
		{33E6BB8E-DA0B-4CA2-A593-046AB405CE2A}.Release|Any CPU.Build.0 = Release|Any CPU
	EndGlobalSection
	GlobalSection(SolutionProperties) = preSolution
		HideSolutionNode = FALSE
	EndGlobalSection
	GlobalSection(ExtensibilityGlobals) = postSolution
		SolutionGuid = {8243AD0F-8A0B-472F-964D-180AB1918D66}
	EndGlobalSection
EndGlobal
